
Microsoft Visual Studio Solution File, Format Version 12.00
# Visual Studio Version 17
VisualStudioVersion = 17.5.002.0
MinimumVisualStudioVersion = 10.0.40219.1
Project("{9A19103F-16F7-4668-BE54-9A1E7A4F7556}") = "azure-helloWorld", "azure-helloWorld.csproj", "{241352E4-DA33-48B1-BF65-DB53658D8D28}"
EndProject
Global
	GlobalSection(SolutionConfigurationPlatforms) = preSolution
		Debug|Any CPU = Debug|Any CPU
		Release|Any CPU = Release|Any CPU
	EndGlobalSection
	GlobalSection(ProjectConfigurationPlatforms) = postSolution
		{241352E4-DA33-48B1-BF65-DB53658D8D28}.Debug|Any CPU.ActiveCfg = Debug|Any CPU
		{241352E4-DA33-48B1-BF65-DB53658D8D28}.Debug|Any CPU.Build.0 = Debug|Any CPU
		{241352E4-DA33-48B1-BF65-DB53658D8D28}.Release|Any CPU.ActiveCfg = Release|Any CPU
		{241352E4-DA33-48B1-BF65-DB53658D8D28}.Release|Any CPU.Build.0 = Release|Any CPU
	EndGlobalSection
	GlobalSection(SolutionProperties) = preSolution
		HideSolutionNode = FALSE
	EndGlobalSection
	GlobalSection(ExtensibilityGlobals) = postSolution
		SolutionGuid = {D5E5DE9E-0A1F-45B2-BD00-3AE5CE990C11}
	EndGlobalSection
EndGlobal
